// !$*UTF8*$!
{
	archiveVersion = 1;
	classes = {
	};
	objectVersion = 56;
	objects = {

/* Begin PBXBuildFile section */
		A11322302B210CCC00C67AAF /* ViewControllerWithLazySubviews.swift in Sources */ = {isa = PBXBuildFile; fileRef = A113222F2B210CCC00C67AAF /* ViewControllerWithLazySubviews.swift */; };
		A11322352B210D8200C67AAF /* Main.storyboard in Resources */ = {isa = PBXBuildFile; fileRef = A11322332B210D8200C67AAF /* Main.storyboard */; };
		A16F75FF2B210B7300D83BEE /* AppDelegate.swift in Sources */ = {isa = PBXBuildFile; fileRef = A16F75FE2B210B7300D83BEE /* AppDelegate.swift */; };
		A16F76012B210B7300D83BEE /* SceneDelegate.swift in Sources */ = {isa = PBXBuildFile; fileRef = A16F76002B210B7300D83BEE /* SceneDelegate.swift */; };
		A16F76032B210B7300D83BEE /* ViewController.swift in Sources */ = {isa = PBXBuildFile; fileRef = A16F76022B210B7300D83BEE /* ViewController.swift */; };
		A16F76082B210B7400D83BEE /* Assets.xcassets in Resources */ = {isa = PBXBuildFile; fileRef = A16F76072B210B7400D83BEE /* Assets.xcassets */; };
		A16F760B2B210B7400D83BEE /* LaunchScreen.storyboard in Resources */ = {isa = PBXBuildFile; fileRef = A16F76092B210B7400D83BEE /* LaunchScreen.storyboard */; };
		F37E620BD42BFD60B0001987 /* Pods_LazyViewDemo.framework in Frameworks */ = {isa = PBXBuildFile; fileRef = 70D3BB23FFA978BDF5DEC2AE /* Pods_LazyViewDemo.framework */; };
/* End PBXBuildFile section */

/* Begin PBXFileReference section */
		14C3B0DD12534812EB15FB32 /* Pods-LazyViewDemo.release.xcconfig */ = {isa = PBXFileReference; includeInIndex = 1; lastKnownFileType = text.xcconfig; name = "Pods-LazyViewDemo.release.xcconfig"; path = "Target Support Files/Pods-LazyViewDemo/Pods-LazyViewDemo.release.xcconfig"; sourceTree = "<group>"; };
		70D3BB23FFA978BDF5DEC2AE /* Pods_LazyViewDemo.framework */ = {isa = PBXFileReference; explicitFileType = wrapper.framework; includeInIndex = 0; path = Pods_LazyViewDemo.framework; sourceTree = BUILT_PRODUCTS_DIR; };
		8020A92B630A18A66B2ED235 /* Pods-LazyViewDemo.debug.xcconfig */ = {isa = PBXFileReference; includeInIndex = 1; lastKnownFileType = text.xcconfig; name = "Pods-LazyViewDemo.debug.xcconfig"; path = "Target Support Files/Pods-LazyViewDemo/Pods-LazyViewDemo.debug.xcconfig"; sourceTree = "<group>"; };
		A113222F2B210CCC00C67AAF /* ViewControllerWithLazySubviews.swift */ = {isa = PBXFileReference; lastKnownFileType = sourcecode.swift; path = ViewControllerWithLazySubviews.swift; sourceTree = "<group>"; };
		A11322342B210D8200C67AAF /* Base */ = {isa = PBXFileReference; lastKnownFileType = file.storyboard; name = Base; path = Base.lproj/Main.storyboard; sourceTree = "<group>"; };
		A16F75FB2B210B7300D83BEE /* LazyViewDemo.app */ = {isa = PBXFileReference; explicitFileType = wrapper.application; includeInIndex = 0; path = LazyViewDemo.app; sourceTree = BUILT_PRODUCTS_DIR; };
		A16F75FE2B210B7300D83BEE /* AppDelegate.swift */ = {isa = PBXFileReference; lastKnownFileType = sourcecode.swift; path = AppDelegate.swift; sourceTree = "<group>"; };
		A16F76002B210B7300D83BEE /* SceneDelegate.swift */ = {isa = PBXFileReference; lastKnownFileType = sourcecode.swift; path = SceneDelegate.swift; sourceTree = "<group>"; };
		A16F76022B210B7300D83BEE /* ViewController.swift */ = {isa = PBXFileReference; lastKnownFileType = sourcecode.swift; path = ViewController.swift; sourceTree = "<group>"; };
		A16F76072B210B7400D83BEE /* Assets.xcassets */ = {isa = PBXFileReference; lastKnownFileType = folder.assetcatalog; path = Assets.xcassets; sourceTree = "<group>"; };
		A16F760A2B210B7400D83BEE /* Base */ = {isa = PBXFileReference; lastKnownFileType = file.storyboard; name = Base; path = Base.lproj/LaunchScreen.storyboard; sourceTree = "<group>"; };
		A16F760C2B210B7400D83BEE /* Info.plist */ = {isa = PBXFileReference; lastKnownFileType = text.plist.xml; path = Info.plist; sourceTree = "<group>"; };
/* End PBXFileReference section */

/* Begin PBXFrameworksBuildPhase section */
		A16F75F82B210B7300D83BEE /* Frameworks */ = {
			isa = PBXFrameworksBuildPhase;
			buildActionMask = 2147483647;
			files = (
				F37E620BD42BFD60B0001987 /* Pods_LazyViewDemo.framework in Frameworks */,
			);
			runOnlyForDeploymentPostprocessing = 0;
		};
/* End PBXFrameworksBuildPhase section */

/* Begin PBXGroup section */
		73CE19C856FFC3673F5B2BD2 /* Pods */ = {
			isa = PBXGroup;
			children = (
				8020A92B630A18A66B2ED235 /* Pods-LazyViewDemo.debug.xcconfig */,
				14C3B0DD12534812EB15FB32 /* Pods-LazyViewDemo.release.xcconfig */,
			);
			path = Pods;
			sourceTree = "<group>";
		};
		A16F75F22B210B7300D83BEE = {
			isa = PBXGroup;
			children = (
				A16F75FD2B210B7300D83BEE /* LazyViewDemo */,
				A16F75FC2B210B7300D83BEE /* Products */,
				73CE19C856FFC3673F5B2BD2 /* Pods */,
				E5C835C4FC57B6961CAA4F43 /* Frameworks */,
			);
			sourceTree = "<group>";
		};
		A16F75FC2B210B7300D83BEE /* Products */ = {
			isa = PBXGroup;
			children = (
				A16F75FB2B210B7300D83BEE /* LazyViewDemo.app */,
			);
			name = Products;
			sourceTree = "<group>";
		};
		A16F75FD2B210B7300D83BEE /* LazyViewDemo */ = {
			isa = PBXGroup;
			children = (
				A16F75FE2B210B7300D83BEE /* AppDelegate.swift */,
				A16F76002B210B7300D83BEE /* SceneDelegate.swift */,
				A16F76022B210B7300D83BEE /* ViewController.swift */,
				A113222F2B210CCC00C67AAF /* ViewControllerWithLazySubviews.swift */,
				A11322332B210D8200C67AAF /* Main.storyboard */,
				A16F76072B210B7400D83BEE /* Assets.xcassets */,
				A16F76092B210B7400D83BEE /* LaunchScreen.storyboard */,
				A16F760C2B210B7400D83BEE /* Info.plist */,
			);
			path = LazyViewDemo;
			sourceTree = "<group>";
		};
		E5C835C4FC57B6961CAA4F43 /* Frameworks */ = {
			isa = PBXGroup;
			children = (
				70D3BB23FFA978BDF5DEC2AE /* Pods_LazyViewDemo.framework */,
			);
			name = Frameworks;
			sourceTree = "<group>";
		};
/* End PBXGroup section */

/* Begin PBXNativeTarget section */
		A16F75FA2B210B7300D83BEE /* LazyViewDemo */ = {
			isa = PBXNativeTarget;
			buildConfigurationList = A16F760F2B210B7400D83BEE /* Build configuration list for PBXNativeTarget "LazyViewDemo" */;
			buildPhases = (
				3BDDB446760B1E3AE2DE31B5 /* [CP] Check Pods Manifest.lock */,
				A16F75F72B210B7300D83BEE /* Sources */,
				A16F75F82B210B7300D83BEE /* Frameworks */,
				A16F75F92B210B7300D83BEE /* Resources */,
				6C1210BDEF21AD77B88DD121 /* [CP] Embed Pods Frameworks */,
			);
			buildRules = (
			);
			dependencies = (
			);
			name = LazyViewDemo;
			productName = LazyViewDemo;
			productReference = A16F75FB2B210B7300D83BEE /* LazyViewDemo.app */;
			productType = "com.apple.product-type.application";
		};
/* End PBXNativeTarget section */

/* Begin PBXProject section */
		A16F75F32B210B7300D83BEE /* Project object */ = {
			isa = PBXProject;
			attributes = {
				BuildIndependentTargetsInParallel = 1;
				LastSwiftUpdateCheck = 1500;
				LastUpgradeCheck = 1500;
				TargetAttributes = {
					A16F75FA2B210B7300D83BEE = {
						CreatedOnToolsVersion = 15.0.1;
					};
				};
			};
			buildConfigurationList = A16F75F62B210B7300D83BEE /* Build configuration list for PBXProject "LazyViewDemo" */;
			compatibilityVersion = "Xcode 14.0";
			developmentRegion = en;
			hasScannedForEncodings = 0;
			knownRegions = (
				en,
				Base,
			);
			mainGroup = A16F75F22B210B7300D83BEE;
			productRefGroup = A16F75FC2B210B7300D83BEE /* Products */;
			projectDirPath = "";
			projectRoot = "";
			targets = (
				A16F75FA2B210B7300D83BEE /* LazyViewDemo */,
			);
		};
/* End PBXProject section */

/* Begin PBXResourcesBuildPhase section */
		A16F75F92B210B7300D83BEE /* Resources */ = {
			isa = PBXResourcesBuildPhase;
			buildActionMask = 2147483647;
			files = (
				A11322352B210D8200C67AAF /* Main.storyboard in Resources */,
				A16F760B2B210B7400D83BEE /* LaunchScreen.storyboard in Resources */,
				A16F76082B210B7400D83BEE /* Assets.xcassets in Resources */,
			);
			runOnlyForDeploymentPostprocessing = 0;
		};
/* End PBXResourcesBuildPhase section */

/* Begin PBXShellScriptBuildPhase section */
		3BDDB446760B1E3AE2DE31B5 /* [CP] Check Pods Manifest.lock */ = {
			isa = PBXShellScriptBuildPhase;
			buildActionMask = 2147483647;
			files = (
			);
			inputFileListPaths = (
			);
			inputPaths = (
				"${PODS_PODFILE_DIR_PATH}/Podfile.lock",
				"${PODS_ROOT}/Manifest.lock",
			);
			name = "[CP] Check Pods Manifest.lock";
			outputFileListPaths = (
			);
			outputPaths = (
				"$(DERIVED_FILE_DIR)/Pods-LazyViewDemo-checkManifestLockResult.txt",
			);
			runOnlyForDeploymentPostprocessing = 0;
			shellPath = /bin/sh;
			shellScript = "diff \"${PODS_PODFILE_DIR_PATH}/Podfile.lock\" \"${PODS_ROOT}/Manifest.lock\" > /dev/null\nif [ $? != 0 ] ; then\n    # print error to STDERR\n    echo \"error: The sandbox is not in sync with the Podfile.lock. Run 'pod install' or update your CocoaPods installation.\" >&2\n    exit 1\nfi\n# This output is used by Xcode 'outputs' to avoid re-running this script phase.\necho \"SUCCESS\" > \"${SCRIPT_OUTPUT_FILE_0}\"\n";
			showEnvVarsInLog = 0;
		};
		6C1210BDEF21AD77B88DD121 /* [CP] Embed Pods Frameworks */ = {
			isa = PBXShellScriptBuildPhase;
			buildActionMask = 2147483647;
			files = (
			);
			inputFileListPaths = (
				"${PODS_ROOT}/Target Support Files/Pods-LazyViewDemo/Pods-LazyViewDemo-frameworks-${CONFIGURATION}-input-files.xcfilelist",
			);
			name = "[CP] Embed Pods Frameworks";
			outputFileListPaths = (
				"${PODS_ROOT}/Target Support Files/Pods-LazyViewDemo/Pods-LazyViewDemo-frameworks-${CONFIGURATION}-output-files.xcfilelist",
			);
			runOnlyForDeploymentPostprocessing = 0;
			shellPath = /bin/sh;
			shellScript = "\"${PODS_ROOT}/Target Support Files/Pods-LazyViewDemo/Pods-LazyViewDemo-frameworks.sh\"\n";
			showEnvVarsInLog = 0;
		};
/* End PBXShellScriptBuildPhase section */

/* Begin PBXSourcesBuildPhase section */
		A16F75F72B210B7300D83BEE /* Sources */ = {
			isa = PBXSourcesBuildPhase;
			buildActionMask = 2147483647;
			files = (
				A16F76032B210B7300D83BEE /* ViewController.swift in Sources */,
				A16F75FF2B210B7300D83BEE /* AppDelegate.swift in Sources */,
				A11322302B210CCC00C67AAF /* ViewControllerWithLazySubviews.swift in Sources */,
				A16F76012B210B7300D83BEE /* SceneDelegate.swift in Sources */,
			);
			runOnlyForDeploymentPostprocessing = 0;
		};
/* End PBXSourcesBuildPhase section */

/* Begin PBXVariantGroup section */
		A11322332B210D8200C67AAF /* Main.storyboard */ = {
			isa = PBXVariantGroup;
			children = (
				A11322342B210D8200C67AAF /* Base */,
			);
			name = Main.storyboard;
			sourceTree = "<group>";
		};
		A16F76092B210B7400D83BEE /* LaunchScreen.storyboard */ = {
			isa = PBXVariantGroup;
			children = (
				A16F760A2B210B7400D83BEE /* Base */,
			);
			name = LaunchScreen.storyboard;
			sourceTree = "<group>";
		};
/* End PBXVariantGroup section */

/* Begin XCBuildConfiguration section */
		A16F760D2B210B7400D83BEE /* Debug */ = {
			isa = XCBuildConfiguration;
			buildSettings = {
				ALWAYS_SEARCH_USER_PATHS = NO;
				ASSETCATALOG_COMPILER_GENERATE_SWIFT_ASSET_SYMBOL_EXTENSIONS = YES;
				CLANG_ANALYZER_NONNULL = YES;
				CLANG_ANALYZER_NUMBER_OBJECT_CONVERSION = YES_AGGRESSIVE;
				CLANG_CXX_LANGUAGE_STANDARD = "gnu++20";
				CLANG_ENABLE_MODULES = YES;
				CLANG_ENABLE_OBJC_ARC = YES;
				CLANG_ENABLE_OBJC_WEAK = YES;
				CLANG_WARN_BLOCK_CAPTURE_AUTORELEASING = YES;
				CLANG_WARN_BOOL_CONVERSION = YES;
				CLANG_WARN_COMMA = YES;
				CLANG_WARN_CONSTANT_CONVERSION = YES;
				CLANG_WARN_DEPRECATED_OBJC_IMPLEMENTATIONS = YES;
				CLANG_WARN_DIRECT_OBJC_ISA_USAGE = YES_ERROR;
				CLANG_WARN_DOCUMENTATION_COMMENTS = YES;
				CLANG_WARN_EMPTY_BODY = YES;
				CLANG_WARN_ENUM_CONVERSION = YES;
				CLANG_WARN_INFINITE_RECURSION = YES;
				CLANG_WARN_INT_CONVERSION = YES;
				CLANG_WARN_NON_LITERAL_NULL_CONVERSION = YES;
				CLANG_WARN_OBJC_IMPLICIT_RETAIN_SELF = YES;
				CLANG_WARN_OBJC_LITERAL_CONVERSION = YES;
				CLANG_WARN_OBJC_ROOT_CLASS = YES_ERROR;
				CLANG_WARN_QUOTED_INCLUDE_IN_FRAMEWORK_HEADER = YES;
				CLANG_WARN_RANGE_LOOP_ANALYSIS = YES;
				CLANG_WARN_STRICT_PROTOTYPES = YES;
				CLANG_WARN_SUSPICIOUS_MOVE = YES;
				CLANG_WARN_UNGUARDED_AVAILABILITY = YES_AGGRESSIVE;
				CLANG_WARN_UNREACHABLE_CODE = YES;
				CLANG_WARN__DUPLICATE_METHOD_MATCH = YES;
				COPY_PHASE_STRIP = NO;
				DEBUG_INFORMATION_FORMAT = dwarf;
				ENABLE_STRICT_OBJC_MSGSEND = YES;
				ENABLE_TESTABILITY = YES;
				ENABLE_USER_SCRIPT_SANDBOXING = YES;
				GCC_C_LANGUAGE_STANDARD = gnu17;
				GCC_DYNAMIC_NO_PIC = NO;
				GCC_NO_COMMON_BLOCKS = YES;
				GCC_OPTIMIZATION_LEVEL = 0;
				GCC_PREPROCESSOR_DEFINITIONS = (
					"DEBUG=1",
					"$(inherited)",
				);
				GCC_WARN_64_TO_32_BIT_CONVERSION = YES;
				GCC_WARN_ABOUT_RETURN_TYPE = YES_ERROR;
				GCC_WARN_UNDECLARED_SELECTOR = YES;
				GCC_WARN_UNINITIALIZED_AUTOS = YES_AGGRESSIVE;
				GCC_WARN_UNUSED_FUNCTION = YES;
				GCC_WARN_UNUSED_VARIABLE = YES;
				IPHONEOS_DEPLOYMENT_TARGET = 17.0;
				LOCALIZATION_PREFERS_STRING_CATALOGS = YES;
				MTL_ENABLE_DEBUG_INFO = INCLUDE_SOURCE;
				MTL_FAST_MATH = YES;
				ONLY_ACTIVE_ARCH = YES;
				SDKROOT = iphoneos;
				SWIFT_ACTIVE_COMPILATION_CONDITIONS = "DEBUG $(inherited)";
				SWIFT_OPTIMIZATION_LEVEL = "-Onone";
			};
			name = Debug;
		};
		A16F760E2B210B7400D83BEE /* Release */ = {
			isa = XCBuildConfiguration;
			buildSettings = {
				ALWAYS_SEARCH_USER_PATHS = NO;
				ASSETCATALOG_COMPILER_GENERATE_SWIFT_ASSET_SYMBOL_EXTENSIONS = YES;
				CLANG_ANALYZER_NONNULL = YES;
				CLANG_ANALYZER_NUMBER_OBJECT_CONVERSION = YES_AGGRESSIVE;
				CLANG_CXX_LANGUAGE_STANDARD = "gnu++20";
				CLANG_ENABLE_MODULES = YES;
				CLANG_ENABLE_OBJC_ARC = YES;
				CLANG_ENABLE_OBJC_WEAK = YES;
				CLANG_WARN_BLOCK_CAPTURE_AUTORELEASING = YES;
				CLANG_WARN_BOOL_CONVERSION = YES;
				CLANG_WARN_COMMA = YES;
				CLANG_WARN_CONSTANT_CONVERSION = YES;
				CLANG_WARN_DEPRECATED_OBJC_IMPLEMENTATIONS = YES;
				CLANG_WARN_DIRECT_OBJC_ISA_USAGE = YES_ERROR;
				CLANG_WARN_DOCUMENTATION_COMMENTS = YES;
				CLANG_WARN_EMPTY_BODY = YES;
				CLANG_WARN_ENUM_CONVERSION = YES;
				CLANG_WARN_INFINITE_RECURSION = YES;
				CLANG_WARN_INT_CONVERSION = YES;
				CLANG_WARN_NON_LITERAL_NULL_CONVERSION = YES;
				CLANG_WARN_OBJC_IMPLICIT_RETAIN_SELF = YES;
				CLANG_WARN_OBJC_LITERAL_CONVERSION = YES;
				CLANG_WARN_OBJC_ROOT_CLASS = YES_ERROR;
				CLANG_WARN_QUOTED_INCLUDE_IN_FRAMEWORK_HEADER = YES;
				CLANG_WARN_RANGE_LOOP_ANALYSIS = YES;
				CLANG_WARN_STRICT_PROTOTYPES = YES;
				CLANG_WARN_SUSPICIOUS_MOVE = YES;
				CLANG_WARN_UNGUARDED_AVAILABILITY = YES_AGGRESSIVE;
				CLANG_WARN_UNREACHABLE_CODE = YES;
				CLANG_WARN__DUPLICATE_METHOD_MATCH = YES;
				COPY_PHASE_STRIP = NO;
				DEBUG_INFORMATION_FORMAT = "dwarf-with-dsym";
				ENABLE_NS_ASSERTIONS = NO;
				ENABLE_STRICT_OBJC_MSGSEND = YES;
				ENABLE_USER_SCRIPT_SANDBOXING = YES;
				GCC_C_LANGUAGE_STANDARD = gnu17;
				GCC_NO_COMMON_BLOCKS = YES;
				GCC_WARN_64_TO_32_BIT_CONVERSION = YES;
				GCC_WARN_ABOUT_RETURN_TYPE = YES_ERROR;
				GCC_WARN_UNDECLARED_SELECTOR = YES;
				GCC_WARN_UNINITIALIZED_AUTOS = YES_AGGRESSIVE;
				GCC_WARN_UNUSED_FUNCTION = YES;
				GCC_WARN_UNUSED_VARIABLE = YES;
				IPHONEOS_DEPLOYMENT_TARGET = 17.0;
				LOCALIZATION_PREFERS_STRING_CATALOGS = YES;
				MTL_ENABLE_DEBUG_INFO = NO;
				MTL_FAST_MATH = YES;
				SDKROOT = iphoneos;
				SWIFT_COMPILATION_MODE = wholemodule;
				VALIDATE_PRODUCT = YES;
			};
			name = Release;
		};
		A16F76102B210B7400D83BEE /* Debug */ = {
			isa = XCBuildConfiguration;
			baseConfigurationReference = 8020A92B630A18A66B2ED235 /* Pods-LazyViewDemo.debug.xcconfig */;
			buildSettings = {
				ASSETCATALOG_COMPILER_APPICON_NAME = AppIcon;
				ASSETCATALOG_COMPILER_GLOBAL_ACCENT_COLOR_NAME = AccentColor;
				CODE_SIGN_STYLE = Automatic;
				CURRENT_PROJECT_VERSION = 1;
				DEVELOPMENT_TEAM = C8ZP5CBZNS;
				ENABLE_USER_SCRIPT_SANDBOXING = NO;
				GENERATE_INFOPLIST_FILE = YES;
				INFOPLIST_FILE = LazyViewDemo/Info.plist;
				INFOPLIST_KEY_UIApplicationSupportsIndirectInputEvents = YES;
				INFOPLIST_KEY_UILaunchStoryboardName = LaunchScreen;
				INFOPLIST_KEY_UIMainStoryboardFile = Main;
				INFOPLIST_KEY_UISupportedInterfaceOrientations_iPad = "UIInterfaceOrientationPortrait UIInterfaceOrientationPortraitUpsideDown UIInterfaceOrientationLandscapeLeft UIInterfaceOrientationLandscapeRight";
				INFOPLIST_KEY_UISupportedInterfaceOrientations_iPhone = "UIInterfaceOrientationPortrait UIInterfaceOrientationLandscapeLeft UIInterfaceOrientationLandscapeRight";
				LD_RUNPATH_SEARCH_PATHS = (
					"$(inherited)",
					"@executable_path/Frameworks",
				);
				MARKETING_VERSION = 1.0;
				PRODUCT_BUNDLE_IDENTIFIER = com.qstrnd.LazyViewDemo;
				PRODUCT_NAME = "$(TARGET_NAME)";
				SWIFT_EMIT_LOC_STRINGS = YES;
				SWIFT_VERSION = 5.0;
				TARGETED_DEVICE_FAMILY = "1,2";
			};
			name = Debug;
		};
		A16F76112B210B7400D83BEE /* Release */ = {
			isa = XCBuildConfiguration;
			baseConfigurationReference = 14C3B0DD12534812EB15FB32 /* Pods-LazyViewDemo.release.xcconfig */;
			buildSettings = {
				ASSETCATALOG_COMPILER_APPICON_NAME = AppIcon;
				ASSETCATALOG_COMPILER_GLOBAL_ACCENT_COLOR_NAME = AccentColor;
				CODE_SIGN_STYLE = Automatic;
				CURRENT_PROJECT_VERSION = 1;
				DEVELOPMENT_TEAM = C8ZP5CBZNS;
				ENABLE_USER_SCRIPT_SANDBOXING = NO;
				GENERATE_INFOPLIST_FILE = YES;
				INFOPLIST_FILE = LazyViewDemo/Info.plist;
				INFOPLIST_KEY_UIApplicationSupportsIndirectInputEvents = YES;
				INFOPLIST_KEY_UILaunchStoryboardName = LaunchScreen;
				INFOPLIST_KEY_UIMainStoryboardFile = Main;
				INFOPLIST_KEY_UISupportedInterfaceOrientations_iPad = "UIInterfaceOrientationPortrait UIInterfaceOrientationPortraitUpsideDown UIInterfaceOrientationLandscapeLeft UIInterfaceOrientationLandscapeRight";
				INFOPLIST_KEY_UISupportedInterfaceOrientations_iPhone = "UIInterfaceOrientationPortrait UIInterfaceOrientationLandscapeLeft UIInterfaceOrientationLandscapeRight";
				LD_RUNPATH_SEARCH_PATHS = (
					"$(inherited)",
					"@executable_path/Frameworks",
				);
				MARKETING_VERSION = 1.0;
				PRODUCT_BUNDLE_IDENTIFIER = com.qstrnd.LazyViewDemo;
				PRODUCT_NAME = "$(TARGET_NAME)";
				SWIFT_EMIT_LOC_STRINGS = YES;
				SWIFT_VERSION = 5.0;
				TARGETED_DEVICE_FAMILY = "1,2";
			};
			name = Release;
		};
/* End XCBuildConfiguration section */

/* Begin XCConfigurationList section */
		A16F75F62B210B7300D83BEE /* Build configuration list for PBXProject "LazyViewDemo" */ = {
			isa = XCConfigurationList;
			buildConfigurations = (
				A16F760D2B210B7400D83BEE /* Debug */,
				A16F760E2B210B7400D83BEE /* Release */,
			);
			defaultConfigurationIsVisible = 0;
			defaultConfigurationName = Release;
		};
		A16F760F2B210B7400D83BEE /* Build configuration list for PBXNativeTarget "LazyViewDemo" */ = {
			isa = XCConfigurationList;
			buildConfigurations = (
				A16F76102B210B7400D83BEE /* Debug */,
				A16F76112B210B7400D83BEE /* Release */,
			);
			defaultConfigurationIsVisible = 0;
			defaultConfigurationName = Release;
		};
/* End XCConfigurationList section */
	};
	rootObject = A16F75F32B210B7300D83BEE /* Project object */;
}
