// !$*UTF8*$!
{
	archiveVersion = 1;
	classes = {
	};
	objectVersion = 56;
	objects = {

/* Begin PBXBuildFile section */
		A1DB64A92B1B331900F3C8AA /* AppDelegate.swift in Sources */ = {isa = PBXBuildFile; fileRef = A1DB64A82B1B331900F3C8AA /* AppDelegate.swift */; };
		A1DB64AB2B1B331900F3C8AA /* SceneDelegate.swift in Sources */ = {isa = PBXBuildFile; fileRef = A1DB64AA2B1B331900F3C8AA /* SceneDelegate.swift */; };
		A1DB64AD2B1B331900F3C8AA /* ViewController.swift in Sources */ = {isa = PBXBuildFile; fileRef = A1DB64AC2B1B331900F3C8AA /* ViewController.swift */; };
		A1DB64B02B1B331900F3C8AA /* Main.storyboard in Resources */ = {isa = PBXBuildFile; fileRef = A1DB64AE2B1B331900F3C8AA /* Main.storyboard */; };
		A1DB64B22B1B331A00F3C8AA /* Assets.xcassets in Resources */ = {isa = PBXBuildFile; fileRef = A1DB64B12B1B331A00F3C8AA /* Assets.xcassets */; };
		A1DB64B52B1B331A00F3C8AA /* LaunchScreen.storyboard in Resources */ = {isa = PBXBuildFile; fileRef = A1DB64B32B1B331A00F3C8AA /* LaunchScreen.storyboard */; };
		A1DB64C02B1B331A00F3C8AA /* LazyViewDemoTests.swift in Sources */ = {isa = PBXBuildFile; fileRef = A1DB64BF2B1B331A00F3C8AA /* LazyViewDemoTests.swift */; };
		A1DB64CA2B1B331A00F3C8AA /* LazyViewDemoUITests.swift in Sources */ = {isa = PBXBuildFile; fileRef = A1DB64C92B1B331A00F3C8AA /* LazyViewDemoUITests.swift */; };
		A1DB64CC2B1B331A00F3C8AA /* LazyViewDemoUITestsLaunchTests.swift in Sources */ = {isa = PBXBuildFile; fileRef = A1DB64CB2B1B331A00F3C8AA /* LazyViewDemoUITestsLaunchTests.swift */; };
		A1DB64DA2B1B333700F3C8AA /* LazyView.swift in Sources */ = {isa = PBXBuildFile; fileRef = A1DB64D92B1B333700F3C8AA /* LazyView.swift */; };
		A1DB64DC2B1CEC6600F3C8AA /* LazyViewContainer.swift in Sources */ = {isa = PBXBuildFile; fileRef = A1DB64DB2B1CEC6600F3C8AA /* LazyViewContainer.swift */; };
		A1DB64E02B1CFDC600F3C8AA /* LazyViewContainerConfiguration.swift in Sources */ = {isa = PBXBuildFile; fileRef = A1DB64DF2B1CFDC600F3C8AA /* LazyViewContainerConfiguration.swift */; };
		A1DB64E22B1D0A7400F3C8AA /* ViewControllerWithLazySubviews.swift in Sources */ = {isa = PBXBuildFile; fileRef = A1DB64E12B1D0A7400F3C8AA /* ViewControllerWithLazySubviews.swift */; };
		A1DB64E92B1D21E200F3C8AA /* LazyViewInsertionSupporting.swift in Sources */ = {isa = PBXBuildFile; fileRef = A1DB64E82B1D21E200F3C8AA /* LazyViewInsertionSupporting.swift */; };
/* End PBXBuildFile section */

/* Begin PBXContainerItemProxy section */
		A1DB64BC2B1B331A00F3C8AA /* PBXContainerItemProxy */ = {
			isa = PBXContainerItemProxy;
			containerPortal = A1DB649D2B1B331900F3C8AA /* Project object */;
			proxyType = 1;
			remoteGlobalIDString = A1DB64A42B1B331900F3C8AA;
			remoteInfo = LazyViewDemo;
		};
		A1DB64C62B1B331A00F3C8AA /* PBXContainerItemProxy */ = {
			isa = PBXContainerItemProxy;
			containerPortal = A1DB649D2B1B331900F3C8AA /* Project object */;
			proxyType = 1;
			remoteGlobalIDString = A1DB64A42B1B331900F3C8AA;
			remoteInfo = LazyViewDemo;
		};
/* End PBXContainerItemProxy section */

/* Begin PBXFileReference section */
		A1DB64A52B1B331900F3C8AA /* LazyViewDemo.app */ = {isa = PBXFileReference; explicitFileType = wrapper.application; includeInIndex = 0; path = LazyViewDemo.app; sourceTree = BUILT_PRODUCTS_DIR; };
		A1DB64A82B1B331900F3C8AA /* AppDelegate.swift */ = {isa = PBXFileReference; lastKnownFileType = sourcecode.swift; path = AppDelegate.swift; sourceTree = "<group>"; };
		A1DB64AA2B1B331900F3C8AA /* SceneDelegate.swift */ = {isa = PBXFileReference; lastKnownFileType = sourcecode.swift; path = SceneDelegate.swift; sourceTree = "<group>"; };
		A1DB64AC2B1B331900F3C8AA /* ViewController.swift */ = {isa = PBXFileReference; lastKnownFileType = sourcecode.swift; path = ViewController.swift; sourceTree = "<group>"; };
		A1DB64AF2B1B331900F3C8AA /* Base */ = {isa = PBXFileReference; lastKnownFileType = file.storyboard; name = Base; path = Base.lproj/Main.storyboard; sourceTree = "<group>"; };
		A1DB64B12B1B331A00F3C8AA /* Assets.xcassets */ = {isa = PBXFileReference; lastKnownFileType = folder.assetcatalog; path = Assets.xcassets; sourceTree = "<group>"; };
		A1DB64B42B1B331A00F3C8AA /* Base */ = {isa = PBXFileReference; lastKnownFileType = file.storyboard; name = Base; path = Base.lproj/LaunchScreen.storyboard; sourceTree = "<group>"; };
		A1DB64B62B1B331A00F3C8AA /* Info.plist */ = {isa = PBXFileReference; lastKnownFileType = text.plist.xml; path = Info.plist; sourceTree = "<group>"; };
		A1DB64BB2B1B331A00F3C8AA /* LazyViewDemoTests.xctest */ = {isa = PBXFileReference; explicitFileType = wrapper.cfbundle; includeInIndex = 0; path = LazyViewDemoTests.xctest; sourceTree = BUILT_PRODUCTS_DIR; };
		A1DB64BF2B1B331A00F3C8AA /* LazyViewDemoTests.swift */ = {isa = PBXFileReference; lastKnownFileType = sourcecode.swift; path = LazyViewDemoTests.swift; sourceTree = "<group>"; };
		A1DB64C52B1B331A00F3C8AA /* LazyViewDemoUITests.xctest */ = {isa = PBXFileReference; explicitFileType = wrapper.cfbundle; includeInIndex = 0; path = LazyViewDemoUITests.xctest; sourceTree = BUILT_PRODUCTS_DIR; };
		A1DB64C92B1B331A00F3C8AA /* LazyViewDemoUITests.swift */ = {isa = PBXFileReference; lastKnownFileType = sourcecode.swift; path = LazyViewDemoUITests.swift; sourceTree = "<group>"; };
		A1DB64CB2B1B331A00F3C8AA /* LazyViewDemoUITestsLaunchTests.swift */ = {isa = PBXFileReference; lastKnownFileType = sourcecode.swift; path = LazyViewDemoUITestsLaunchTests.swift; sourceTree = "<group>"; };
		A1DB64D92B1B333700F3C8AA /* LazyView.swift */ = {isa = PBXFileReference; lastKnownFileType = sourcecode.swift; path = LazyView.swift; sourceTree = "<group>"; };
		A1DB64DB2B1CEC6600F3C8AA /* LazyViewContainer.swift */ = {isa = PBXFileReference; lastKnownFileType = sourcecode.swift; path = LazyViewContainer.swift; sourceTree = "<group>"; };
		A1DB64DF2B1CFDC600F3C8AA /* LazyViewContainerConfiguration.swift */ = {isa = PBXFileReference; lastKnownFileType = sourcecode.swift; path = LazyViewContainerConfiguration.swift; sourceTree = "<group>"; };
		A1DB64E12B1D0A7400F3C8AA /* ViewControllerWithLazySubviews.swift */ = {isa = PBXFileReference; lastKnownFileType = sourcecode.swift; path = ViewControllerWithLazySubviews.swift; sourceTree = "<group>"; };
		A1DB64E82B1D21E200F3C8AA /* LazyViewInsertionSupporting.swift */ = {isa = PBXFileReference; lastKnownFileType = sourcecode.swift; path = LazyViewInsertionSupporting.swift; sourceTree = "<group>"; };
/* End PBXFileReference section */

/* Begin PBXFrameworksBuildPhase section */
		A1DB64A22B1B331900F3C8AA /* Frameworks */ = {
			isa = PBXFrameworksBuildPhase;
			buildActionMask = 2147483647;
			files = (
			);
			runOnlyForDeploymentPostprocessing = 0;
		};
		A1DB64B82B1B331A00F3C8AA /* Frameworks */ = {
			isa = PBXFrameworksBuildPhase;
			buildActionMask = 2147483647;
			files = (
			);
			runOnlyForDeploymentPostprocessing = 0;
		};
		A1DB64C22B1B331A00F3C8AA /* Frameworks */ = {
			isa = PBXFrameworksBuildPhase;
			buildActionMask = 2147483647;
			files = (
			);
			runOnlyForDeploymentPostprocessing = 0;
		};
/* End PBXFrameworksBuildPhase section */

/* Begin PBXGroup section */
		A1DB649C2B1B331900F3C8AA = {
			isa = PBXGroup;
			children = (
				A1DB64A72B1B331900F3C8AA /* LazyViewDemo */,
				A1DB64BE2B1B331A00F3C8AA /* LazyViewDemoTests */,
				A1DB64C82B1B331A00F3C8AA /* LazyViewDemoUITests */,
				A1DB64A62B1B331900F3C8AA /* Products */,
			);
			sourceTree = "<group>";
		};
		A1DB64A62B1B331900F3C8AA /* Products */ = {
			isa = PBXGroup;
			children = (
				A1DB64A52B1B331900F3C8AA /* LazyViewDemo.app */,
				A1DB64BB2B1B331A00F3C8AA /* LazyViewDemoTests.xctest */,
				A1DB64C52B1B331A00F3C8AA /* LazyViewDemoUITests.xctest */,
			);
			name = Products;
			sourceTree = "<group>";
		};
		A1DB64A72B1B331900F3C8AA /* LazyViewDemo */ = {
			isa = PBXGroup;
			children = (
				A1DB64D82B1B332800F3C8AA /* LazyView */,
				A1DB64A82B1B331900F3C8AA /* AppDelegate.swift */,
				A1DB64AA2B1B331900F3C8AA /* SceneDelegate.swift */,
				A1DB64AC2B1B331900F3C8AA /* ViewController.swift */,
				A1DB64E12B1D0A7400F3C8AA /* ViewControllerWithLazySubviews.swift */,
				A1DB64AE2B1B331900F3C8AA /* Main.storyboard */,
				A1DB64B12B1B331A00F3C8AA /* Assets.xcassets */,
				A1DB64B32B1B331A00F3C8AA /* LaunchScreen.storyboard */,
				A1DB64B62B1B331A00F3C8AA /* Info.plist */,
			);
			path = LazyViewDemo;
			sourceTree = "<group>";
		};
		A1DB64BE2B1B331A00F3C8AA /* LazyViewDemoTests */ = {
			isa = PBXGroup;
			children = (
				A1DB64BF2B1B331A00F3C8AA /* LazyViewDemoTests.swift */,
			);
			path = LazyViewDemoTests;
			sourceTree = "<group>";
		};
		A1DB64C82B1B331A00F3C8AA /* LazyViewDemoUITests */ = {
			isa = PBXGroup;
			children = (
				A1DB64C92B1B331A00F3C8AA /* LazyViewDemoUITests.swift */,
				A1DB64CB2B1B331A00F3C8AA /* LazyViewDemoUITestsLaunchTests.swift */,
			);
			path = LazyViewDemoUITests;
			sourceTree = "<group>";
		};
		A1DB64D82B1B332800F3C8AA /* LazyView */ = {
			isa = PBXGroup;
			children = (
				A1DB64D92B1B333700F3C8AA /* LazyView.swift */,
				A1DB64DB2B1CEC6600F3C8AA /* LazyViewContainer.swift */,
				A1DB64E82B1D21E200F3C8AA /* LazyViewInsertionSupporting.swift */,
				A1DB64DF2B1CFDC600F3C8AA /* LazyViewContainerConfiguration.swift */,
			);
			path = LazyView;
			sourceTree = "<group>";
		};
/* End PBXGroup section */

/* Begin PBXNativeTarget section */
		A1DB64A42B1B331900F3C8AA /* LazyViewDemo */ = {
			isa = PBXNativeTarget;
			buildConfigurationList = A1DB64CF2B1B331A00F3C8AA /* Build configuration list for PBXNativeTarget "LazyViewDemo" */;
			buildPhases = (
				A1DB64A12B1B331900F3C8AA /* Sources */,
				A1DB64A22B1B331900F3C8AA /* Frameworks */,
				A1DB64A32B1B331900F3C8AA /* Resources */,
			);
			buildRules = (
			);
			dependencies = (
			);
			name = LazyViewDemo;
			productName = LazyViewDemo;
			productReference = A1DB64A52B1B331900F3C8AA /* LazyViewDemo.app */;
			productType = "com.apple.product-type.application";
		};
		A1DB64BA2B1B331A00F3C8AA /* LazyViewDemoTests */ = {
			isa = PBXNativeTarget;
			buildConfigurationList = A1DB64D22B1B331A00F3C8AA /* Build configuration list for PBXNativeTarget "LazyViewDemoTests" */;
			buildPhases = (
				A1DB64B72B1B331A00F3C8AA /* Sources */,
				A1DB64B82B1B331A00F3C8AA /* Frameworks */,
				A1DB64B92B1B331A00F3C8AA /* Resources */,
			);
			buildRules = (
			);
			dependencies = (
				A1DB64BD2B1B331A00F3C8AA /* PBXTargetDependency */,
			);
			name = LazyViewDemoTests;
			productName = LazyViewDemoTests;
			productReference = A1DB64BB2B1B331A00F3C8AA /* LazyViewDemoTests.xctest */;
			productType = "com.apple.product-type.bundle.unit-test";
		};
		A1DB64C42B1B331A00F3C8AA /* LazyViewDemoUITests */ = {
			isa = PBXNativeTarget;
			buildConfigurationList = A1DB64D52B1B331A00F3C8AA /* Build configuration list for PBXNativeTarget "LazyViewDemoUITests" */;
			buildPhases = (
				A1DB64C12B1B331A00F3C8AA /* Sources */,
				A1DB64C22B1B331A00F3C8AA /* Frameworks */,
				A1DB64C32B1B331A00F3C8AA /* Resources */,
			);
			buildRules = (
			);
			dependencies = (
				A1DB64C72B1B331A00F3C8AA /* PBXTargetDependency */,
			);
			name = LazyViewDemoUITests;
			productName = LazyViewDemoUITests;
			productReference = A1DB64C52B1B331A00F3C8AA /* LazyViewDemoUITests.xctest */;
			productType = "com.apple.product-type.bundle.ui-testing";
		};
/* End PBXNativeTarget section */

/* Begin PBXProject section */
		A1DB649D2B1B331900F3C8AA /* Project object */ = {
			isa = PBXProject;
			attributes = {
				BuildIndependentTargetsInParallel = 1;
				LastSwiftUpdateCheck = 1500;
				LastUpgradeCheck = 1500;
				TargetAttributes = {
					A1DB64A42B1B331900F3C8AA = {
						CreatedOnToolsVersion = 15.0.1;
					};
					A1DB64BA2B1B331A00F3C8AA = {
						CreatedOnToolsVersion = 15.0.1;
						TestTargetID = A1DB64A42B1B331900F3C8AA;
					};
					A1DB64C42B1B331A00F3C8AA = {
						CreatedOnToolsVersion = 15.0.1;
						TestTargetID = A1DB64A42B1B331900F3C8AA;
					};
				};
			};
			buildConfigurationList = A1DB64A02B1B331900F3C8AA /* Build configuration list for PBXProject "LazyViewDemo" */;
			compatibilityVersion = "Xcode 14.0";
			developmentRegion = en;
			hasScannedForEncodings = 0;
			knownRegions = (
				en,
				Base,
			);
			mainGroup = A1DB649C2B1B331900F3C8AA;
			productRefGroup = A1DB64A62B1B331900F3C8AA /* Products */;
			projectDirPath = "";
			projectRoot = "";
			targets = (
				A1DB64A42B1B331900F3C8AA /* LazyViewDemo */,
				A1DB64BA2B1B331A00F3C8AA /* LazyViewDemoTests */,
				A1DB64C42B1B331A00F3C8AA /* LazyViewDemoUITests */,
			);
		};
/* End PBXProject section */

/* Begin PBXResourcesBuildPhase section */
		A1DB64A32B1B331900F3C8AA /* Resources */ = {
			isa = PBXResourcesBuildPhase;
			buildActionMask = 2147483647;
			files = (
				A1DB64B52B1B331A00F3C8AA /* LaunchScreen.storyboard in Resources */,
				A1DB64B22B1B331A00F3C8AA /* Assets.xcassets in Resources */,
				A1DB64B02B1B331900F3C8AA /* Main.storyboard in Resources */,
			);
			runOnlyForDeploymentPostprocessing = 0;
		};
		A1DB64B92B1B331A00F3C8AA /* Resources */ = {
			isa = PBXResourcesBuildPhase;
			buildActionMask = 2147483647;
			files = (
			);
			runOnlyForDeploymentPostprocessing = 0;
		};
		A1DB64C32B1B331A00F3C8AA /* Resources */ = {
			isa = PBXResourcesBuildPhase;
			buildActionMask = 2147483647;
			files = (
			);
			runOnlyForDeploymentPostprocessing = 0;
		};
/* End PBXResourcesBuildPhase section */

/* Begin PBXSourcesBuildPhase section */
		A1DB64A12B1B331900F3C8AA /* Sources */ = {
			isa = PBXSourcesBuildPhase;
			buildActionMask = 2147483647;
			files = (
				A1DB64E92B1D21E200F3C8AA /* LazyViewInsertionSupporting.swift in Sources */,
				A1DB64E02B1CFDC600F3C8AA /* LazyViewContainerConfiguration.swift in Sources */,
				A1DB64DA2B1B333700F3C8AA /* LazyView.swift in Sources */,
				A1DB64E22B1D0A7400F3C8AA /* ViewControllerWithLazySubviews.swift in Sources */,
				A1DB64AD2B1B331900F3C8AA /* ViewController.swift in Sources */,
				A1DB64A92B1B331900F3C8AA /* AppDelegate.swift in Sources */,
				A1DB64AB2B1B331900F3C8AA /* SceneDelegate.swift in Sources */,
				A1DB64DC2B1CEC6600F3C8AA /* LazyViewContainer.swift in Sources */,
			);
			runOnlyForDeploymentPostprocessing = 0;
		};
		A1DB64B72B1B331A00F3C8AA /* Sources */ = {
			isa = PBXSourcesBuildPhase;
			buildActionMask = 2147483647;
			files = (
				A1DB64C02B1B331A00F3C8AA /* LazyViewDemoTests.swift in Sources */,
			);
			runOnlyForDeploymentPostprocessing = 0;
		};
		A1DB64C12B1B331A00F3C8AA /* Sources */ = {
			isa = PBXSourcesBuildPhase;
			buildActionMask = 2147483647;
			files = (
				A1DB64CC2B1B331A00F3C8AA /* LazyViewDemoUITestsLaunchTests.swift in Sources */,
				A1DB64CA2B1B331A00F3C8AA /* LazyViewDemoUITests.swift in Sources */,
			);
			runOnlyForDeploymentPostprocessing = 0;
		};
/* End PBXSourcesBuildPhase section */

/* Begin PBXTargetDependency section */
		A1DB64BD2B1B331A00F3C8AA /* PBXTargetDependency */ = {
			isa = PBXTargetDependency;
			target = A1DB64A42B1B331900F3C8AA /* LazyViewDemo */;
			targetProxy = A1DB64BC2B1B331A00F3C8AA /* PBXContainerItemProxy */;
		};
		A1DB64C72B1B331A00F3C8AA /* PBXTargetDependency */ = {
			isa = PBXTargetDependency;
			target = A1DB64A42B1B331900F3C8AA /* LazyViewDemo */;
			targetProxy = A1DB64C62B1B331A00F3C8AA /* PBXContainerItemProxy */;
		};
/* End PBXTargetDependency section */

/* Begin PBXVariantGroup section */
		A1DB64AE2B1B331900F3C8AA /* Main.storyboard */ = {
			isa = PBXVariantGroup;
			children = (
				A1DB64AF2B1B331900F3C8AA /* Base */,
			);
			name = Main.storyboard;
			sourceTree = "<group>";
		};
		A1DB64B32B1B331A00F3C8AA /* LaunchScreen.storyboard */ = {
			isa = PBXVariantGroup;
			children = (
				A1DB64B42B1B331A00F3C8AA /* Base */,
			);
			name = LaunchScreen.storyboard;
			sourceTree = "<group>";
		};
/* End PBXVariantGroup section */

/* Begin XCBuildConfiguration section */
		A1DB64CD2B1B331A00F3C8AA /* Debug */ = {
			isa = XCBuildConfiguration;
			buildSettings = {
				ALWAYS_SEARCH_USER_PATHS = NO;
				ASSETCATALOG_COMPILER_GENERATE_SWIFT_ASSET_SYMBOL_EXTENSIONS = YES;
				CLANG_ANALYZER_NONNULL = YES;
				CLANG_ANALYZER_NUMBER_OBJECT_CONVERSION = YES_AGGRESSIVE;
				CLANG_CXX_LANGUAGE_STANDARD = "gnu++20";
				CLANG_ENABLE_MODULES = YES;
				CLANG_ENABLE_OBJC_ARC = YES;
				CLANG_ENABLE_OBJC_WEAK = YES;
				CLANG_WARN_BLOCK_CAPTURE_AUTORELEASING = YES;
				CLANG_WARN_BOOL_CONVERSION = YES;
				CLANG_WARN_COMMA = YES;
				CLANG_WARN_CONSTANT_CONVERSION = YES;
				CLANG_WARN_DEPRECATED_OBJC_IMPLEMENTATIONS = YES;
				CLANG_WARN_DIRECT_OBJC_ISA_USAGE = YES_ERROR;
				CLANG_WARN_DOCUMENTATION_COMMENTS = YES;
				CLANG_WARN_EMPTY_BODY = YES;
				CLANG_WARN_ENUM_CONVERSION = YES;
				CLANG_WARN_INFINITE_RECURSION = YES;
				CLANG_WARN_INT_CONVERSION = YES;
				CLANG_WARN_NON_LITERAL_NULL_CONVERSION = YES;
				CLANG_WARN_OBJC_IMPLICIT_RETAIN_SELF = YES;
				CLANG_WARN_OBJC_LITERAL_CONVERSION = YES;
				CLANG_WARN_OBJC_ROOT_CLASS = YES_ERROR;
				CLANG_WARN_QUOTED_INCLUDE_IN_FRAMEWORK_HEADER = YES;
				CLANG_WARN_RANGE_LOOP_ANALYSIS = YES;
				CLANG_WARN_STRICT_PROTOTYPES = YES;
				CLANG_WARN_SUSPICIOUS_MOVE = YES;
				CLANG_WARN_UNGUARDED_AVAILABILITY = YES_AGGRESSIVE;
				CLANG_WARN_UNREACHABLE_CODE = YES;
				CLANG_WARN__DUPLICATE_METHOD_MATCH = YES;
				COPY_PHASE_STRIP = NO;
				DEBUG_INFORMATION_FORMAT = dwarf;
				ENABLE_STRICT_OBJC_MSGSEND = YES;
				ENABLE_TESTABILITY = YES;
				ENABLE_USER_SCRIPT_SANDBOXING = YES;
				GCC_C_LANGUAGE_STANDARD = gnu17;
				GCC_DYNAMIC_NO_PIC = NO;
				GCC_NO_COMMON_BLOCKS = YES;
				GCC_OPTIMIZATION_LEVEL = 0;
				GCC_PREPROCESSOR_DEFINITIONS = (
					"DEBUG=1",
					"$(inherited)",
				);
				GCC_WARN_64_TO_32_BIT_CONVERSION = YES;
				GCC_WARN_ABOUT_RETURN_TYPE = YES_ERROR;
				GCC_WARN_UNDECLARED_SELECTOR = YES;
				GCC_WARN_UNINITIALIZED_AUTOS = YES_AGGRESSIVE;
				GCC_WARN_UNUSED_FUNCTION = YES;
				GCC_WARN_UNUSED_VARIABLE = YES;
				IPHONEOS_DEPLOYMENT_TARGET = 17.0;
				LOCALIZATION_PREFERS_STRING_CATALOGS = YES;
				MTL_ENABLE_DEBUG_INFO = INCLUDE_SOURCE;
				MTL_FAST_MATH = YES;
				ONLY_ACTIVE_ARCH = YES;
				SDKROOT = iphoneos;
				SWIFT_ACTIVE_COMPILATION_CONDITIONS = "DEBUG $(inherited)";
				SWIFT_OPTIMIZATION_LEVEL = "-Onone";
			};
			name = Debug;
		};
		A1DB64CE2B1B331A00F3C8AA /* Release */ = {
			isa = XCBuildConfiguration;
			buildSettings = {
				ALWAYS_SEARCH_USER_PATHS = NO;
				ASSETCATALOG_COMPILER_GENERATE_SWIFT_ASSET_SYMBOL_EXTENSIONS = YES;
				CLANG_ANALYZER_NONNULL = YES;
				CLANG_ANALYZER_NUMBER_OBJECT_CONVERSION = YES_AGGRESSIVE;
				CLANG_CXX_LANGUAGE_STANDARD = "gnu++20";
				CLANG_ENABLE_MODULES = YES;
				CLANG_ENABLE_OBJC_ARC = YES;
				CLANG_ENABLE_OBJC_WEAK = YES;
				CLANG_WARN_BLOCK_CAPTURE_AUTORELEASING = YES;
				CLANG_WARN_BOOL_CONVERSION = YES;
				CLANG_WARN_COMMA = YES;
				CLANG_WARN_CONSTANT_CONVERSION = YES;
				CLANG_WARN_DEPRECATED_OBJC_IMPLEMENTATIONS = YES;
				CLANG_WARN_DIRECT_OBJC_ISA_USAGE = YES_ERROR;
				CLANG_WARN_DOCUMENTATION_COMMENTS = YES;
				CLANG_WARN_EMPTY_BODY = YES;
				CLANG_WARN_ENUM_CONVERSION = YES;
				CLANG_WARN_INFINITE_RECURSION = YES;
				CLANG_WARN_INT_CONVERSION = YES;
				CLANG_WARN_NON_LITERAL_NULL_CONVERSION = YES;
				CLANG_WARN_OBJC_IMPLICIT_RETAIN_SELF = YES;
				CLANG_WARN_OBJC_LITERAL_CONVERSION = YES;
				CLANG_WARN_OBJC_ROOT_CLASS = YES_ERROR;
				CLANG_WARN_QUOTED_INCLUDE_IN_FRAMEWORK_HEADER = YES;
				CLANG_WARN_RANGE_LOOP_ANALYSIS = YES;
				CLANG_WARN_STRICT_PROTOTYPES = YES;
				CLANG_WARN_SUSPICIOUS_MOVE = YES;
				CLANG_WARN_UNGUARDED_AVAILABILITY = YES_AGGRESSIVE;
				CLANG_WARN_UNREACHABLE_CODE = YES;
				CLANG_WARN__DUPLICATE_METHOD_MATCH = YES;
				COPY_PHASE_STRIP = NO;
				DEBUG_INFORMATION_FORMAT = "dwarf-with-dsym";
				ENABLE_NS_ASSERTIONS = NO;
				ENABLE_STRICT_OBJC_MSGSEND = YES;
				ENABLE_USER_SCRIPT_SANDBOXING = YES;
				GCC_C_LANGUAGE_STANDARD = gnu17;
				GCC_NO_COMMON_BLOCKS = YES;
				GCC_WARN_64_TO_32_BIT_CONVERSION = YES;
				GCC_WARN_ABOUT_RETURN_TYPE = YES_ERROR;
				GCC_WARN_UNDECLARED_SELECTOR = YES;
				GCC_WARN_UNINITIALIZED_AUTOS = YES_AGGRESSIVE;
				GCC_WARN_UNUSED_FUNCTION = YES;
				GCC_WARN_UNUSED_VARIABLE = YES;
				IPHONEOS_DEPLOYMENT_TARGET = 17.0;
				LOCALIZATION_PREFERS_STRING_CATALOGS = YES;
				MTL_ENABLE_DEBUG_INFO = NO;
				MTL_FAST_MATH = YES;
				SDKROOT = iphoneos;
				SWIFT_COMPILATION_MODE = wholemodule;
				VALIDATE_PRODUCT = YES;
			};
			name = Release;
		};
		A1DB64D02B1B331A00F3C8AA /* Debug */ = {
			isa = XCBuildConfiguration;
			buildSettings = {
				ASSETCATALOG_COMPILER_APPICON_NAME = AppIcon;
				ASSETCATALOG_COMPILER_GLOBAL_ACCENT_COLOR_NAME = AccentColor;
				CODE_SIGN_STYLE = Automatic;
				CURRENT_PROJECT_VERSION = 1;
				DEVELOPMENT_TEAM = C8ZP5CBZNS;
				GENERATE_INFOPLIST_FILE = YES;
				INFOPLIST_FILE = LazyViewDemo/Info.plist;
				INFOPLIST_KEY_UIApplicationSupportsIndirectInputEvents = YES;
				INFOPLIST_KEY_UILaunchStoryboardName = LaunchScreen;
				INFOPLIST_KEY_UIMainStoryboardFile = Main;
				INFOPLIST_KEY_UISupportedInterfaceOrientations_iPad = "UIInterfaceOrientationPortrait UIInterfaceOrientationPortraitUpsideDown UIInterfaceOrientationLandscapeLeft UIInterfaceOrientationLandscapeRight";
				INFOPLIST_KEY_UISupportedInterfaceOrientations_iPhone = "UIInterfaceOrientationPortrait UIInterfaceOrientationLandscapeLeft UIInterfaceOrientationLandscapeRight";
				LD_RUNPATH_SEARCH_PATHS = (
					"$(inherited)",
					"@executable_path/Frameworks",
				);
				MARKETING_VERSION = 1.0;
				PRODUCT_BUNDLE_IDENTIFIER = com.qstrnd.LazyViewDemo;
				PRODUCT_NAME = "$(TARGET_NAME)";
				SWIFT_EMIT_LOC_STRINGS = YES;
				SWIFT_VERSION = 5.0;
				TARGETED_DEVICE_FAMILY = "1,2";
			};
			name = Debug;
		};
		A1DB64D12B1B331A00F3C8AA /* Release */ = {
			isa = XCBuildConfiguration;
			buildSettings = {
				ASSETCATALOG_COMPILER_APPICON_NAME = AppIcon;
				ASSETCATALOG_COMPILER_GLOBAL_ACCENT_COLOR_NAME = AccentColor;
				CODE_SIGN_STYLE = Automatic;
				CURRENT_PROJECT_VERSION = 1;
				DEVELOPMENT_TEAM = C8ZP5CBZNS;
				GENERATE_INFOPLIST_FILE = YES;
				INFOPLIST_FILE = LazyViewDemo/Info.plist;
				INFOPLIST_KEY_UIApplicationSupportsIndirectInputEvents = YES;
				INFOPLIST_KEY_UILaunchStoryboardName = LaunchScreen;
				INFOPLIST_KEY_UIMainStoryboardFile = Main;
				INFOPLIST_KEY_UISupportedInterfaceOrientations_iPad = "UIInterfaceOrientationPortrait UIInterfaceOrientationPortraitUpsideDown UIInterfaceOrientationLandscapeLeft UIInterfaceOrientationLandscapeRight";
				INFOPLIST_KEY_UISupportedInterfaceOrientations_iPhone = "UIInterfaceOrientationPortrait UIInterfaceOrientationLandscapeLeft UIInterfaceOrientationLandscapeRight";
				LD_RUNPATH_SEARCH_PATHS = (
					"$(inherited)",
					"@executable_path/Frameworks",
				);
				MARKETING_VERSION = 1.0;
				PRODUCT_BUNDLE_IDENTIFIER = com.qstrnd.LazyViewDemo;
				PRODUCT_NAME = "$(TARGET_NAME)";
				SWIFT_EMIT_LOC_STRINGS = YES;
				SWIFT_VERSION = 5.0;
				TARGETED_DEVICE_FAMILY = "1,2";
			};
			name = Release;
		};
		A1DB64D32B1B331A00F3C8AA /* Debug */ = {
			isa = XCBuildConfiguration;
			buildSettings = {
				ALWAYS_EMBED_SWIFT_STANDARD_LIBRARIES = YES;
				BUNDLE_LOADER = "$(TEST_HOST)";
				CODE_SIGN_STYLE = Automatic;
				CURRENT_PROJECT_VERSION = 1;
				DEVELOPMENT_TEAM = C8ZP5CBZNS;
				GENERATE_INFOPLIST_FILE = YES;
				IPHONEOS_DEPLOYMENT_TARGET = 17.0;
				MARKETING_VERSION = 1.0;
				PRODUCT_BUNDLE_IDENTIFIER = com.qstrnd.LazyViewDemoTests;
				PRODUCT_NAME = "$(TARGET_NAME)";
				SWIFT_EMIT_LOC_STRINGS = NO;
				SWIFT_VERSION = 5.0;
				TARGETED_DEVICE_FAMILY = "1,2";
				TEST_HOST = "$(BUILT_PRODUCTS_DIR)/LazyViewDemo.app/$(BUNDLE_EXECUTABLE_FOLDER_PATH)/LazyViewDemo";
			};
			name = Debug;
		};
		A1DB64D42B1B331A00F3C8AA /* Release */ = {
			isa = XCBuildConfiguration;
			buildSettings = {
				ALWAYS_EMBED_SWIFT_STANDARD_LIBRARIES = YES;
				BUNDLE_LOADER = "$(TEST_HOST)";
				CODE_SIGN_STYLE = Automatic;
				CURRENT_PROJECT_VERSION = 1;
				DEVELOPMENT_TEAM = C8ZP5CBZNS;
				GENERATE_INFOPLIST_FILE = YES;
				IPHONEOS_DEPLOYMENT_TARGET = 17.0;
				MARKETING_VERSION = 1.0;
				PRODUCT_BUNDLE_IDENTIFIER = com.qstrnd.LazyViewDemoTests;
				PRODUCT_NAME = "$(TARGET_NAME)";
				SWIFT_EMIT_LOC_STRINGS = NO;
				SWIFT_VERSION = 5.0;
				TARGETED_DEVICE_FAMILY = "1,2";
				TEST_HOST = "$(BUILT_PRODUCTS_DIR)/LazyViewDemo.app/$(BUNDLE_EXECUTABLE_FOLDER_PATH)/LazyViewDemo";
			};
			name = Release;
		};
		A1DB64D62B1B331A00F3C8AA /* Debug */ = {
			isa = XCBuildConfiguration;
			buildSettings = {
				ALWAYS_EMBED_SWIFT_STANDARD_LIBRARIES = YES;
				CODE_SIGN_STYLE = Automatic;
				CURRENT_PROJECT_VERSION = 1;
				DEVELOPMENT_TEAM = C8ZP5CBZNS;
				GENERATE_INFOPLIST_FILE = YES;
				MARKETING_VERSION = 1.0;
				PRODUCT_BUNDLE_IDENTIFIER = com.qstrnd.LazyViewDemoUITests;
				PRODUCT_NAME = "$(TARGET_NAME)";
				SWIFT_EMIT_LOC_STRINGS = NO;
				SWIFT_VERSION = 5.0;
				TARGETED_DEVICE_FAMILY = "1,2";
				TEST_TARGET_NAME = LazyViewDemo;
			};
			name = Debug;
		};
		A1DB64D72B1B331A00F3C8AA /* Release */ = {
			isa = XCBuildConfiguration;
			buildSettings = {
				ALWAYS_EMBED_SWIFT_STANDARD_LIBRARIES = YES;
				CODE_SIGN_STYLE = Automatic;
				CURRENT_PROJECT_VERSION = 1;
				DEVELOPMENT_TEAM = C8ZP5CBZNS;
				GENERATE_INFOPLIST_FILE = YES;
				MARKETING_VERSION = 1.0;
				PRODUCT_BUNDLE_IDENTIFIER = com.qstrnd.LazyViewDemoUITests;
				PRODUCT_NAME = "$(TARGET_NAME)";
				SWIFT_EMIT_LOC_STRINGS = NO;
				SWIFT_VERSION = 5.0;
				TARGETED_DEVICE_FAMILY = "1,2";
				TEST_TARGET_NAME = LazyViewDemo;
			};
			name = Release;
		};
/* End XCBuildConfiguration section */

/* Begin XCConfigurationList section */
		A1DB64A02B1B331900F3C8AA /* Build configuration list for PBXProject "LazyViewDemo" */ = {
			isa = XCConfigurationList;
			buildConfigurations = (
				A1DB64CD2B1B331A00F3C8AA /* Debug */,
				A1DB64CE2B1B331A00F3C8AA /* Release */,
			);
			defaultConfigurationIsVisible = 0;
			defaultConfigurationName = Release;
		};
		A1DB64CF2B1B331A00F3C8AA /* Build configuration list for PBXNativeTarget "LazyViewDemo" */ = {
			isa = XCConfigurationList;
			buildConfigurations = (
				A1DB64D02B1B331A00F3C8AA /* Debug */,
				A1DB64D12B1B331A00F3C8AA /* Release */,
			);
			defaultConfigurationIsVisible = 0;
			defaultConfigurationName = Release;
		};
		A1DB64D22B1B331A00F3C8AA /* Build configuration list for PBXNativeTarget "LazyViewDemoTests" */ = {
			isa = XCConfigurationList;
			buildConfigurations = (
				A1DB64D32B1B331A00F3C8AA /* Debug */,
				A1DB64D42B1B331A00F3C8AA /* Release */,
			);
			defaultConfigurationIsVisible = 0;
			defaultConfigurationName = Release;
		};
		A1DB64D52B1B331A00F3C8AA /* Build configuration list for PBXNativeTarget "LazyViewDemoUITests" */ = {
			isa = XCConfigurationList;
			buildConfigurations = (
				A1DB64D62B1B331A00F3C8AA /* Debug */,
				A1DB64D72B1B331A00F3C8AA /* Release */,
			);
			defaultConfigurationIsVisible = 0;
			defaultConfigurationName = Release;
		};
/* End XCConfigurationList section */
	};
	rootObject = A1DB649D2B1B331900F3C8AA /* Project object */;
}
